
Microsoft Visual Studio Solution File, Format Version 12.00
# Visual Studio Version 17
VisualStudioVersion = 17.13.35931.197 d17.13
MinimumVisualStudioVersion = 10.0.40219.1
Project("{FAE04EC0-301F-11D3-BF4B-00C04F79EFBC}") = "Personal Expense Tracker", "Personal Expense Tracker\Personal Expense Tracker.csproj", "{45428BE9-915E-41C9-8FCF-CBCA8A4B7FBC}"
EndProject
Global
	GlobalSection(SolutionConfigurationPlatforms) = preSolution
		Debug|Any CPU = Debug|Any CPU
		Release|Any CPU = Release|Any CPU
	EndGlobalSection
	GlobalSection(ProjectConfigurationPlatforms) = postSolution
		{45428BE9-915E-41C9-8FCF-CBCA8A4B7FBC}.Debug|Any CPU.ActiveCfg = Debug|Any CPU
		{45428BE9-915E-41C9-8FCF-CBCA8A4B7FBC}.Debug|Any CPU.Build.0 = Debug|Any CPU
		{45428BE9-915E-41C9-8FCF-CBCA8A4B7FBC}.Release|Any CPU.ActiveCfg = Release|Any CPU
		{45428BE9-915E-41C9-8FCF-CBCA8A4B7FBC}.Release|Any CPU.Build.0 = Release|Any CPU
	EndGlobalSection
	GlobalSection(SolutionProperties) = preSolution
		HideSolutionNode = FALSE
	EndGlobalSection
	GlobalSection(ExtensibilityGlobals) = postSolution
		SolutionGuid = {A33F2E3C-3C41-4AD9-8F17-4D06FFD20374}
	EndGlobalSection
EndGlobal
